
Microsoft Visual Studio Solution File, Format Version 12.00
# Visual Studio Version 17
VisualStudioVersion = 17.11.35327.3
MinimumVisualStudioVersion = 10.0.40219.1
Project("{FAE04EC0-301F-11D3-BF4B-00C04F79EFBC}") = "Day1", "day1\Day1.csproj", "{4A090482-CD8E-44B5-A862-44D4E76D9668}"
	ProjectSection(ProjectDependencies) = postProject
		{D2A16A6D-02BE-4F8F-B710-52D8B50C1CE8} = {D2A16A6D-02BE-4F8F-B710-52D8B50C1CE8}
	EndProjectSection
EndProject
Project("{FAE04EC0-301F-11D3-BF4B-00C04F79EFBC}") = "Common", "Common\Common.csproj", "{D2A16A6D-02BE-4F8F-B710-52D8B50C1CE8}"
EndProject
Global
	GlobalSection(SolutionConfigurationPlatforms) = preSolution
		Debug|Any CPU = Debug|Any CPU
		Release|Any CPU = Release|Any CPU
	EndGlobalSection
	GlobalSection(ProjectConfigurationPlatforms) = postSolution
		{4A090482-CD8E-44B5-A862-44D4E76D9668}.Debug|Any CPU.ActiveCfg = Debug|Any CPU
		{4A090482-CD8E-44B5-A862-44D4E76D9668}.Debug|Any CPU.Build.0 = Debug|Any CPU
		{4A090482-CD8E-44B5-A862-44D4E76D9668}.Release|Any CPU.ActiveCfg = Release|Any CPU
		{4A090482-CD8E-44B5-A862-44D4E76D9668}.Release|Any CPU.Build.0 = Release|Any CPU
		{D2A16A6D-02BE-4F8F-B710-52D8B50C1CE8}.Debug|Any CPU.ActiveCfg = Debug|Any CPU
		{D2A16A6D-02BE-4F8F-B710-52D8B50C1CE8}.Debug|Any CPU.Build.0 = Debug|Any CPU
		{D2A16A6D-02BE-4F8F-B710-52D8B50C1CE8}.Release|Any CPU.ActiveCfg = Release|Any CPU
		{D2A16A6D-02BE-4F8F-B710-52D8B50C1CE8}.Release|Any CPU.Build.0 = Release|Any CPU
	EndGlobalSection
	GlobalSection(SolutionProperties) = preSolution
		HideSolutionNode = FALSE
	EndGlobalSection
	GlobalSection(ExtensibilityGlobals) = postSolution
		SolutionGuid = {6BA3F2C5-DF3C-4888-B7C4-000318B81898}
	EndGlobalSection
EndGlobal
