
Microsoft Visual Studio Solution File, Format Version 12.00
# Visual Studio Version 17
VisualStudioVersion = 17.11.35327.3
MinimumVisualStudioVersion = 10.0.40219.1
Project("{9A19103F-16F7-4668-BE54-9A1E7A4F7556}") = "Day1", "day1\Day1.csproj", "{4A090482-CD8E-44B5-A862-44D4E76D9668}"
	ProjectSection(ProjectDependencies) = postProject
		{D2A16A6D-02BE-4F8F-B710-52D8B50C1CE8} = {D2A16A6D-02BE-4F8F-B710-52D8B50C1CE8}
	EndProjectSection
EndProject
Project("{9A19103F-16F7-4668-BE54-9A1E7A4F7556}") = "Common", "Common\Common.csproj", "{D2A16A6D-02BE-4F8F-B710-52D8B50C1CE8}"
EndProject
Project("{9A19103F-16F7-4668-BE54-9A1E7A4F7556}") = "Day2", "Day2\Day2.csproj", "{8D7007FB-5281-4C92-AC0A-B6D55D373A32}"
EndProject
Project("{9A19103F-16F7-4668-BE54-9A1E7A4F7556}") = "Day3", "Day3\Day3.csproj", "{7BA2EE46-F2EF-4BBB-BB6B-95ED6629D18B}"
EndProject
Project("{9A19103F-16F7-4668-BE54-9A1E7A4F7556}") = "Day4", "Day4\Day4.csproj", "{34C6329C-DBCA-48C0-81EB-C045331886B5}"
EndProject
Project("{9A19103F-16F7-4668-BE54-9A1E7A4F7556}") = "Day5", "Day5\Day5.csproj", "{0929D755-0BE2-4BEC-9867-9C4315CE2F69}"
EndProject
Project("{9A19103F-16F7-4668-BE54-9A1E7A4F7556}") = "Day6", "Day6\Day6.csproj", "{4633512F-7FB6-4378-BA43-E795F2FEF013}"
EndProject
Project("{9A19103F-16F7-4668-BE54-9A1E7A4F7556}") = "Day7", "Day7\Day7.csproj", "{E5D68658-9CDB-4976-B9F0-C0DD14F77A2F}"
EndProject
Project("{9A19103F-16F7-4668-BE54-9A1E7A4F7556}") = "Day8", "Day8\Day8.csproj", "{BE3986FD-C9CB-4D80-A9ED-020EABC16800}"
EndProject
Project("{9A19103F-16F7-4668-BE54-9A1E7A4F7556}") = "Day9", "Day9\Day9.csproj", "{B2EA33AA-5D95-401C-8870-D77B20C25806}"
EndProject
Project("{9A19103F-16F7-4668-BE54-9A1E7A4F7556}") = "Day10", "Day10\Day10.csproj", "{1737069D-F029-49F9-8E27-00B20CC66168}"
EndProject
Project("{9A19103F-16F7-4668-BE54-9A1E7A4F7556}") = "Day11", "Day11\Day11.csproj", "{4FCD1CEC-DA09-4973-8F7C-4DC4B587AF9C}"
EndProject
Project("{9A19103F-16F7-4668-BE54-9A1E7A4F7556}") = "Day12", "Day12\Day12.csproj", "{7790FCB8-21C8-45B3-9A37-19A710E7DE9B}"
EndProject
Project("{9A19103F-16F7-4668-BE54-9A1E7A4F7556}") = "Day13", "Day13\Day13.csproj", "{2188C56B-59B1-42B9-84A2-77A2E9C115FF}"
EndProject
Project("{9A19103F-16F7-4668-BE54-9A1E7A4F7556}") = "Day14", "Day14\Day14.csproj", "{543FD747-1C05-48E0-958D-9E332E2CF8F2}"
EndProject
Project("{9A19103F-16F7-4668-BE54-9A1E7A4F7556}") = "Day15", "Day15\Day15.csproj", "{9EC68173-76FC-4EF9-AE8D-9CE6A10A05B1}"
EndProject
Project("{9A19103F-16F7-4668-BE54-9A1E7A4F7556}") = "Day16", "Day16\Day16.csproj", "{7FBFECE4-1FC2-42B4-9166-39A2C9A2217E}"
EndProject
Project("{9A19103F-16F7-4668-BE54-9A1E7A4F7556}") = "Day17", "Day17\Day17.csproj", "{09FF9EB2-CDBB-4BF1-89F1-1929DD80ACA8}"
EndProject
Project("{9A19103F-16F7-4668-BE54-9A1E7A4F7556}") = "Day18", "Day18\Day18.csproj", "{95D84207-1925-40F7-BB10-C8B9E2469EAD}"
EndProject
Project("{9A19103F-16F7-4668-BE54-9A1E7A4F7556}") = "Day19", "Day19\Day19.csproj", "{BB55FAF6-6552-41AB-8429-AB233D290D22}"
EndProject
Project("{9A19103F-16F7-4668-BE54-9A1E7A4F7556}") = "Day20", "Day20\Day20.csproj", "{4D116446-BB3B-4D74-A9D4-85B4AB5CE689}"
EndProject
Project("{9A19103F-16F7-4668-BE54-9A1E7A4F7556}") = "Day21", "Day21\Day21.csproj", "{4382B38C-F65D-4F05-8385-AFA8BA8524D7}"
EndProject
Project("{9A19103F-16F7-4668-BE54-9A1E7A4F7556}") = "Day22", "Day22\Day22.csproj", "{259692FC-9510-4015-804F-B91C17B2B1F5}"
EndProject
Project("{9A19103F-16F7-4668-BE54-9A1E7A4F7556}") = "Day23", "Day23\Day23.csproj", "{44AC66EB-B717-4620-9042-F28FBEC74544}"
EndProject
Project("{FAE04EC0-301F-11D3-BF4B-00C04F79EFBC}") = "Day24", "Day24\Day24.csproj", "{F0D837B3-DB1D-4919-847C-434A6D9E4221}"
EndProject
Global
	GlobalSection(SolutionConfigurationPlatforms) = preSolution
		Debug|Any CPU = Debug|Any CPU
		Release|Any CPU = Release|Any CPU
	EndGlobalSection
	GlobalSection(ProjectConfigurationPlatforms) = postSolution
		{4A090482-CD8E-44B5-A862-44D4E76D9668}.Debug|Any CPU.ActiveCfg = Debug|Any CPU
		{4A090482-CD8E-44B5-A862-44D4E76D9668}.Debug|Any CPU.Build.0 = Debug|Any CPU
		{4A090482-CD8E-44B5-A862-44D4E76D9668}.Release|Any CPU.ActiveCfg = Release|Any CPU
		{4A090482-CD8E-44B5-A862-44D4E76D9668}.Release|Any CPU.Build.0 = Release|Any CPU
		{D2A16A6D-02BE-4F8F-B710-52D8B50C1CE8}.Debug|Any CPU.ActiveCfg = Debug|Any CPU
		{D2A16A6D-02BE-4F8F-B710-52D8B50C1CE8}.Debug|Any CPU.Build.0 = Debug|Any CPU
		{D2A16A6D-02BE-4F8F-B710-52D8B50C1CE8}.Release|Any CPU.ActiveCfg = Release|Any CPU
		{D2A16A6D-02BE-4F8F-B710-52D8B50C1CE8}.Release|Any CPU.Build.0 = Release|Any CPU
		{8D7007FB-5281-4C92-AC0A-B6D55D373A32}.Debug|Any CPU.ActiveCfg = Debug|Any CPU
		{8D7007FB-5281-4C92-AC0A-B6D55D373A32}.Debug|Any CPU.Build.0 = Debug|Any CPU
		{8D7007FB-5281-4C92-AC0A-B6D55D373A32}.Release|Any CPU.ActiveCfg = Release|Any CPU
		{8D7007FB-5281-4C92-AC0A-B6D55D373A32}.Release|Any CPU.Build.0 = Release|Any CPU
		{7BA2EE46-F2EF-4BBB-BB6B-95ED6629D18B}.Debug|Any CPU.ActiveCfg = Debug|Any CPU
		{7BA2EE46-F2EF-4BBB-BB6B-95ED6629D18B}.Debug|Any CPU.Build.0 = Debug|Any CPU
		{7BA2EE46-F2EF-4BBB-BB6B-95ED6629D18B}.Release|Any CPU.ActiveCfg = Release|Any CPU
		{7BA2EE46-F2EF-4BBB-BB6B-95ED6629D18B}.Release|Any CPU.Build.0 = Release|Any CPU
		{34C6329C-DBCA-48C0-81EB-C045331886B5}.Debug|Any CPU.ActiveCfg = Debug|Any CPU
		{34C6329C-DBCA-48C0-81EB-C045331886B5}.Debug|Any CPU.Build.0 = Debug|Any CPU
		{34C6329C-DBCA-48C0-81EB-C045331886B5}.Release|Any CPU.ActiveCfg = Release|Any CPU
		{34C6329C-DBCA-48C0-81EB-C045331886B5}.Release|Any CPU.Build.0 = Release|Any CPU
		{0929D755-0BE2-4BEC-9867-9C4315CE2F69}.Debug|Any CPU.ActiveCfg = Debug|Any CPU
		{0929D755-0BE2-4BEC-9867-9C4315CE2F69}.Debug|Any CPU.Build.0 = Debug|Any CPU
		{0929D755-0BE2-4BEC-9867-9C4315CE2F69}.Release|Any CPU.ActiveCfg = Release|Any CPU
		{0929D755-0BE2-4BEC-9867-9C4315CE2F69}.Release|Any CPU.Build.0 = Release|Any CPU
		{4633512F-7FB6-4378-BA43-E795F2FEF013}.Debug|Any CPU.ActiveCfg = Debug|Any CPU
		{4633512F-7FB6-4378-BA43-E795F2FEF013}.Debug|Any CPU.Build.0 = Debug|Any CPU
		{4633512F-7FB6-4378-BA43-E795F2FEF013}.Release|Any CPU.ActiveCfg = Release|Any CPU
		{4633512F-7FB6-4378-BA43-E795F2FEF013}.Release|Any CPU.Build.0 = Release|Any CPU
		{E5D68658-9CDB-4976-B9F0-C0DD14F77A2F}.Debug|Any CPU.ActiveCfg = Debug|Any CPU
		{E5D68658-9CDB-4976-B9F0-C0DD14F77A2F}.Debug|Any CPU.Build.0 = Debug|Any CPU
		{E5D68658-9CDB-4976-B9F0-C0DD14F77A2F}.Release|Any CPU.ActiveCfg = Release|Any CPU
		{E5D68658-9CDB-4976-B9F0-C0DD14F77A2F}.Release|Any CPU.Build.0 = Release|Any CPU
		{BE3986FD-C9CB-4D80-A9ED-020EABC16800}.Debug|Any CPU.ActiveCfg = Debug|Any CPU
		{BE3986FD-C9CB-4D80-A9ED-020EABC16800}.Debug|Any CPU.Build.0 = Debug|Any CPU
		{BE3986FD-C9CB-4D80-A9ED-020EABC16800}.Release|Any CPU.ActiveCfg = Release|Any CPU
		{BE3986FD-C9CB-4D80-A9ED-020EABC16800}.Release|Any CPU.Build.0 = Release|Any CPU
		{B2EA33AA-5D95-401C-8870-D77B20C25806}.Debug|Any CPU.ActiveCfg = Debug|Any CPU
		{B2EA33AA-5D95-401C-8870-D77B20C25806}.Debug|Any CPU.Build.0 = Debug|Any CPU
		{B2EA33AA-5D95-401C-8870-D77B20C25806}.Release|Any CPU.ActiveCfg = Release|Any CPU
		{B2EA33AA-5D95-401C-8870-D77B20C25806}.Release|Any CPU.Build.0 = Release|Any CPU
		{1737069D-F029-49F9-8E27-00B20CC66168}.Debug|Any CPU.ActiveCfg = Debug|Any CPU
		{1737069D-F029-49F9-8E27-00B20CC66168}.Debug|Any CPU.Build.0 = Debug|Any CPU
		{1737069D-F029-49F9-8E27-00B20CC66168}.Release|Any CPU.ActiveCfg = Release|Any CPU
		{1737069D-F029-49F9-8E27-00B20CC66168}.Release|Any CPU.Build.0 = Release|Any CPU
		{4FCD1CEC-DA09-4973-8F7C-4DC4B587AF9C}.Debug|Any CPU.ActiveCfg = Debug|Any CPU
		{4FCD1CEC-DA09-4973-8F7C-4DC4B587AF9C}.Debug|Any CPU.Build.0 = Debug|Any CPU
		{4FCD1CEC-DA09-4973-8F7C-4DC4B587AF9C}.Release|Any CPU.ActiveCfg = Release|Any CPU
		{4FCD1CEC-DA09-4973-8F7C-4DC4B587AF9C}.Release|Any CPU.Build.0 = Release|Any CPU
		{7790FCB8-21C8-45B3-9A37-19A710E7DE9B}.Debug|Any CPU.ActiveCfg = Debug|Any CPU
		{7790FCB8-21C8-45B3-9A37-19A710E7DE9B}.Debug|Any CPU.Build.0 = Debug|Any CPU
		{7790FCB8-21C8-45B3-9A37-19A710E7DE9B}.Release|Any CPU.ActiveCfg = Release|Any CPU
		{7790FCB8-21C8-45B3-9A37-19A710E7DE9B}.Release|Any CPU.Build.0 = Release|Any CPU
		{2188C56B-59B1-42B9-84A2-77A2E9C115FF}.Debug|Any CPU.ActiveCfg = Debug|Any CPU
		{2188C56B-59B1-42B9-84A2-77A2E9C115FF}.Debug|Any CPU.Build.0 = Debug|Any CPU
		{2188C56B-59B1-42B9-84A2-77A2E9C115FF}.Release|Any CPU.ActiveCfg = Release|Any CPU
		{2188C56B-59B1-42B9-84A2-77A2E9C115FF}.Release|Any CPU.Build.0 = Release|Any CPU
		{543FD747-1C05-48E0-958D-9E332E2CF8F2}.Debug|Any CPU.ActiveCfg = Debug|Any CPU
		{543FD747-1C05-48E0-958D-9E332E2CF8F2}.Debug|Any CPU.Build.0 = Debug|Any CPU
		{543FD747-1C05-48E0-958D-9E332E2CF8F2}.Release|Any CPU.ActiveCfg = Release|Any CPU
		{543FD747-1C05-48E0-958D-9E332E2CF8F2}.Release|Any CPU.Build.0 = Release|Any CPU
		{9EC68173-76FC-4EF9-AE8D-9CE6A10A05B1}.Debug|Any CPU.ActiveCfg = Debug|Any CPU
		{9EC68173-76FC-4EF9-AE8D-9CE6A10A05B1}.Debug|Any CPU.Build.0 = Debug|Any CPU
		{9EC68173-76FC-4EF9-AE8D-9CE6A10A05B1}.Release|Any CPU.ActiveCfg = Release|Any CPU
		{9EC68173-76FC-4EF9-AE8D-9CE6A10A05B1}.Release|Any CPU.Build.0 = Release|Any CPU
		{7FBFECE4-1FC2-42B4-9166-39A2C9A2217E}.Debug|Any CPU.ActiveCfg = Debug|Any CPU
		{7FBFECE4-1FC2-42B4-9166-39A2C9A2217E}.Debug|Any CPU.Build.0 = Debug|Any CPU
		{7FBFECE4-1FC2-42B4-9166-39A2C9A2217E}.Release|Any CPU.ActiveCfg = Release|Any CPU
		{7FBFECE4-1FC2-42B4-9166-39A2C9A2217E}.Release|Any CPU.Build.0 = Release|Any CPU
		{09FF9EB2-CDBB-4BF1-89F1-1929DD80ACA8}.Debug|Any CPU.ActiveCfg = Debug|Any CPU
		{09FF9EB2-CDBB-4BF1-89F1-1929DD80ACA8}.Debug|Any CPU.Build.0 = Debug|Any CPU
		{09FF9EB2-CDBB-4BF1-89F1-1929DD80ACA8}.Release|Any CPU.ActiveCfg = Release|Any CPU
		{09FF9EB2-CDBB-4BF1-89F1-1929DD80ACA8}.Release|Any CPU.Build.0 = Release|Any CPU
		{95D84207-1925-40F7-BB10-C8B9E2469EAD}.Debug|Any CPU.ActiveCfg = Debug|Any CPU
		{95D84207-1925-40F7-BB10-C8B9E2469EAD}.Debug|Any CPU.Build.0 = Debug|Any CPU
		{95D84207-1925-40F7-BB10-C8B9E2469EAD}.Release|Any CPU.ActiveCfg = Release|Any CPU
		{95D84207-1925-40F7-BB10-C8B9E2469EAD}.Release|Any CPU.Build.0 = Release|Any CPU
		{BB55FAF6-6552-41AB-8429-AB233D290D22}.Debug|Any CPU.ActiveCfg = Debug|Any CPU
		{BB55FAF6-6552-41AB-8429-AB233D290D22}.Debug|Any CPU.Build.0 = Debug|Any CPU
		{BB55FAF6-6552-41AB-8429-AB233D290D22}.Release|Any CPU.ActiveCfg = Release|Any CPU
		{BB55FAF6-6552-41AB-8429-AB233D290D22}.Release|Any CPU.Build.0 = Release|Any CPU
		{4D116446-BB3B-4D74-A9D4-85B4AB5CE689}.Debug|Any CPU.ActiveCfg = Debug|Any CPU
		{4D116446-BB3B-4D74-A9D4-85B4AB5CE689}.Debug|Any CPU.Build.0 = Debug|Any CPU
		{4D116446-BB3B-4D74-A9D4-85B4AB5CE689}.Release|Any CPU.ActiveCfg = Release|Any CPU
		{4D116446-BB3B-4D74-A9D4-85B4AB5CE689}.Release|Any CPU.Build.0 = Release|Any CPU
		{4382B38C-F65D-4F05-8385-AFA8BA8524D7}.Debug|Any CPU.ActiveCfg = Debug|Any CPU
		{4382B38C-F65D-4F05-8385-AFA8BA8524D7}.Debug|Any CPU.Build.0 = Debug|Any CPU
		{4382B38C-F65D-4F05-8385-AFA8BA8524D7}.Release|Any CPU.ActiveCfg = Release|Any CPU
		{4382B38C-F65D-4F05-8385-AFA8BA8524D7}.Release|Any CPU.Build.0 = Release|Any CPU
		{259692FC-9510-4015-804F-B91C17B2B1F5}.Debug|Any CPU.ActiveCfg = Debug|Any CPU
		{259692FC-9510-4015-804F-B91C17B2B1F5}.Debug|Any CPU.Build.0 = Debug|Any CPU
		{259692FC-9510-4015-804F-B91C17B2B1F5}.Release|Any CPU.ActiveCfg = Release|Any CPU
		{259692FC-9510-4015-804F-B91C17B2B1F5}.Release|Any CPU.Build.0 = Release|Any CPU
		{44AC66EB-B717-4620-9042-F28FBEC74544}.Debug|Any CPU.ActiveCfg = Debug|Any CPU
		{44AC66EB-B717-4620-9042-F28FBEC74544}.Debug|Any CPU.Build.0 = Debug|Any CPU
		{44AC66EB-B717-4620-9042-F28FBEC74544}.Release|Any CPU.ActiveCfg = Release|Any CPU
		{44AC66EB-B717-4620-9042-F28FBEC74544}.Release|Any CPU.Build.0 = Release|Any CPU
		{F0D837B3-DB1D-4919-847C-434A6D9E4221}.Debug|Any CPU.ActiveCfg = Debug|Any CPU
		{F0D837B3-DB1D-4919-847C-434A6D9E4221}.Debug|Any CPU.Build.0 = Debug|Any CPU
		{F0D837B3-DB1D-4919-847C-434A6D9E4221}.Release|Any CPU.ActiveCfg = Release|Any CPU
		{F0D837B3-DB1D-4919-847C-434A6D9E4221}.Release|Any CPU.Build.0 = Release|Any CPU
	EndGlobalSection
	GlobalSection(SolutionProperties) = preSolution
		HideSolutionNode = FALSE
	EndGlobalSection
	GlobalSection(ExtensibilityGlobals) = postSolution
		SolutionGuid = {6BA3F2C5-DF3C-4888-B7C4-000318B81898}
	EndGlobalSection
EndGlobal
